
Microsoft Visual Studio Solution File, Format Version 12.00
# Visual Studio Version 16
VisualStudioVersion = 16.0.30709.132
MinimumVisualStudioVersion = 10.0.40219.1
Project("{2150E333-8FDC-42A3-9474-1A3956D46DE8}") = "Application", "Application", "{923FCA84-38C6-4B14-9EC8-98D1F370F3EF}"
EndProject
Project("{9A19103F-16F7-4668-BE54-9A1E7A4F7556}") = "SmartStart", "SmartStart\SmartStart.csproj", "{51B1AE1D-5944-4630-B638-9A3C9B6B726B}"
EndProject
Project("{2150E333-8FDC-42A3-9474-1A3956D46DE8}") = "BoundedContext", "BoundedContext", "{28C3C037-984D-45EB-9752-2C0324412A9F}"
EndProject
Project("{2150E333-8FDC-42A3-9474-1A3956D46DE8}") = "Infrastructure", "Infrastructure", "{928A0020-F759-497B-9697-3D8AD1C74AD4}"
EndProject
Project("{2150E333-8FDC-42A3-9474-1A3956D46DE8}") = "SharedKernel", "SharedKernel", "{1EEC3142-AC40-488F-9BBD-4D6F046C51CD}"
EndProject
Project("{9A19103F-16F7-4668-BE54-9A1E7A4F7556}") = "SmartStart.Model", "SmartStart.Model\SmartStart.Model.csproj", "{E3AD9DB5-AE2B-47F7-8A38-3790A85608CB}"
EndProject
Project("{9A19103F-16F7-4668-BE54-9A1E7A4F7556}") = "SmartStart.SqlServer", "SmartStart.SqlServer\SmartStart.SqlServer.csproj", "{F63A47E1-3596-4562-987A-8B1A4DEA47F9}"
EndProject
Project("{9A19103F-16F7-4668-BE54-9A1E7A4F7556}") = "SmartStart.SharedKernel", "SmartStart.SharedKernel\SmartStart.SharedKernel.csproj", "{60A7AE88-7241-4FB2-8F7E-F1C3B2FB4891}"
EndProject
Project("{9A19103F-16F7-4668-BE54-9A1E7A4F7556}") = "SmartStart.Repository.General", "SmartStart.Repository.General\SmartStart.Repository.General.csproj", "{7BE7AD9D-346C-426D-836A-4349D6DFB2EF}"
EndProject
Project("{9A19103F-16F7-4668-BE54-9A1E7A4F7556}") = "SmartStart.DataTransferObject", "SmartStart.DataTransferObject\SmartStart.DataTransferObject.csproj", "{FEF045DE-8E80-44FF-B293-8304F681C58A}"
EndProject
Project("{9A19103F-16F7-4668-BE54-9A1E7A4F7556}") = "SmartStart.Repository.Main", "SmartStart.Repository.Main\SmartStart.Repository.Main.csproj", "{BBE853E7-E86A-4738-83A8-D7E2BC266A6D}"
EndProject
Project("{9A19103F-16F7-4668-BE54-9A1E7A4F7556}") = "SmartStart.Repository.Setting", "SmartStart.Repository.Setting\SmartStart.Repository.Setting.csproj", "{74A461A5-B1E6-470F-8B3D-D880D3DA499E}"
EndProject
Project("{9A19103F-16F7-4668-BE54-9A1E7A4F7556}") = "SmartStart.Repository.Security", "SmartStart.Repository.Security\SmartStart.Repository.Security.csproj", "{11BC9DD1-6E0C-4464-A9CE-4FA034E97E76}"
EndProject
Project("{FAE04EC0-301F-11D3-BF4B-00C04F79EFBC}") = "SmartStart.Repository.Shared", "SmartStart.Repository.Shared\SmartStart.Repository.Shared.csproj", "{2700573E-175A-432E-86F1-71248C225F7E}"
EndProject
Global
	GlobalSection(SolutionConfigurationPlatforms) = preSolution
		Debug|Any CPU = Debug|Any CPU
		Release|Any CPU = Release|Any CPU
	EndGlobalSection
	GlobalSection(ProjectConfigurationPlatforms) = postSolution
		{51B1AE1D-5944-4630-B638-9A3C9B6B726B}.Debug|Any CPU.ActiveCfg = Debug|Any CPU
		{51B1AE1D-5944-4630-B638-9A3C9B6B726B}.Debug|Any CPU.Build.0 = Debug|Any CPU
		{51B1AE1D-5944-4630-B638-9A3C9B6B726B}.Release|Any CPU.ActiveCfg = Release|Any CPU
		{51B1AE1D-5944-4630-B638-9A3C9B6B726B}.Release|Any CPU.Build.0 = Release|Any CPU
		{E3AD9DB5-AE2B-47F7-8A38-3790A85608CB}.Debug|Any CPU.ActiveCfg = Debug|Any CPU
		{E3AD9DB5-AE2B-47F7-8A38-3790A85608CB}.Debug|Any CPU.Build.0 = Debug|Any CPU
		{E3AD9DB5-AE2B-47F7-8A38-3790A85608CB}.Release|Any CPU.ActiveCfg = Release|Any CPU
		{E3AD9DB5-AE2B-47F7-8A38-3790A85608CB}.Release|Any CPU.Build.0 = Release|Any CPU
		{F63A47E1-3596-4562-987A-8B1A4DEA47F9}.Debug|Any CPU.ActiveCfg = Debug|Any CPU
		{F63A47E1-3596-4562-987A-8B1A4DEA47F9}.Debug|Any CPU.Build.0 = Debug|Any CPU
		{F63A47E1-3596-4562-987A-8B1A4DEA47F9}.Release|Any CPU.ActiveCfg = Release|Any CPU
		{F63A47E1-3596-4562-987A-8B1A4DEA47F9}.Release|Any CPU.Build.0 = Release|Any CPU
		{60A7AE88-7241-4FB2-8F7E-F1C3B2FB4891}.Debug|Any CPU.ActiveCfg = Debug|Any CPU
		{60A7AE88-7241-4FB2-8F7E-F1C3B2FB4891}.Debug|Any CPU.Build.0 = Debug|Any CPU
		{60A7AE88-7241-4FB2-8F7E-F1C3B2FB4891}.Release|Any CPU.ActiveCfg = Release|Any CPU
		{60A7AE88-7241-4FB2-8F7E-F1C3B2FB4891}.Release|Any CPU.Build.0 = Release|Any CPU
		{7BE7AD9D-346C-426D-836A-4349D6DFB2EF}.Debug|Any CPU.ActiveCfg = Debug|Any CPU
		{7BE7AD9D-346C-426D-836A-4349D6DFB2EF}.Debug|Any CPU.Build.0 = Debug|Any CPU
		{7BE7AD9D-346C-426D-836A-4349D6DFB2EF}.Release|Any CPU.ActiveCfg = Release|Any CPU
		{7BE7AD9D-346C-426D-836A-4349D6DFB2EF}.Release|Any CPU.Build.0 = Release|Any CPU
		{FEF045DE-8E80-44FF-B293-8304F681C58A}.Debug|Any CPU.ActiveCfg = Debug|Any CPU
		{FEF045DE-8E80-44FF-B293-8304F681C58A}.Debug|Any CPU.Build.0 = Debug|Any CPU
		{FEF045DE-8E80-44FF-B293-8304F681C58A}.Release|Any CPU.ActiveCfg = Release|Any CPU
		{FEF045DE-8E80-44FF-B293-8304F681C58A}.Release|Any CPU.Build.0 = Release|Any CPU
		{BBE853E7-E86A-4738-83A8-D7E2BC266A6D}.Debug|Any CPU.ActiveCfg = Debug|Any CPU
		{BBE853E7-E86A-4738-83A8-D7E2BC266A6D}.Debug|Any CPU.Build.0 = Debug|Any CPU
		{BBE853E7-E86A-4738-83A8-D7E2BC266A6D}.Release|Any CPU.ActiveCfg = Release|Any CPU
		{BBE853E7-E86A-4738-83A8-D7E2BC266A6D}.Release|Any CPU.Build.0 = Release|Any CPU
		{74A461A5-B1E6-470F-8B3D-D880D3DA499E}.Debug|Any CPU.ActiveCfg = Debug|Any CPU
		{74A461A5-B1E6-470F-8B3D-D880D3DA499E}.Debug|Any CPU.Build.0 = Debug|Any CPU
		{74A461A5-B1E6-470F-8B3D-D880D3DA499E}.Release|Any CPU.ActiveCfg = Release|Any CPU
		{74A461A5-B1E6-470F-8B3D-D880D3DA499E}.Release|Any CPU.Build.0 = Release|Any CPU
		{11BC9DD1-6E0C-4464-A9CE-4FA034E97E76}.Debug|Any CPU.ActiveCfg = Debug|Any CPU
		{11BC9DD1-6E0C-4464-A9CE-4FA034E97E76}.Debug|Any CPU.Build.0 = Debug|Any CPU
		{11BC9DD1-6E0C-4464-A9CE-4FA034E97E76}.Release|Any CPU.ActiveCfg = Release|Any CPU
		{11BC9DD1-6E0C-4464-A9CE-4FA034E97E76}.Release|Any CPU.Build.0 = Release|Any CPU
		{2700573E-175A-432E-86F1-71248C225F7E}.Debug|Any CPU.ActiveCfg = Debug|Any CPU
		{2700573E-175A-432E-86F1-71248C225F7E}.Debug|Any CPU.Build.0 = Debug|Any CPU
		{2700573E-175A-432E-86F1-71248C225F7E}.Release|Any CPU.ActiveCfg = Release|Any CPU
		{2700573E-175A-432E-86F1-71248C225F7E}.Release|Any CPU.Build.0 = Release|Any CPU
	EndGlobalSection
	GlobalSection(SolutionProperties) = preSolution
		HideSolutionNode = FALSE
	EndGlobalSection
	GlobalSection(NestedProjects) = preSolution
		{51B1AE1D-5944-4630-B638-9A3C9B6B726B} = {923FCA84-38C6-4B14-9EC8-98D1F370F3EF}
		{E3AD9DB5-AE2B-47F7-8A38-3790A85608CB} = {928A0020-F759-497B-9697-3D8AD1C74AD4}
		{F63A47E1-3596-4562-987A-8B1A4DEA47F9} = {928A0020-F759-497B-9697-3D8AD1C74AD4}
		{60A7AE88-7241-4FB2-8F7E-F1C3B2FB4891} = {1EEC3142-AC40-488F-9BBD-4D6F046C51CD}
		{7BE7AD9D-346C-426D-836A-4349D6DFB2EF} = {28C3C037-984D-45EB-9752-2C0324412A9F}
		{FEF045DE-8E80-44FF-B293-8304F681C58A} = {28C3C037-984D-45EB-9752-2C0324412A9F}
		{BBE853E7-E86A-4738-83A8-D7E2BC266A6D} = {28C3C037-984D-45EB-9752-2C0324412A9F}
		{74A461A5-B1E6-470F-8B3D-D880D3DA499E} = {28C3C037-984D-45EB-9752-2C0324412A9F}
		{11BC9DD1-6E0C-4464-A9CE-4FA034E97E76} = {28C3C037-984D-45EB-9752-2C0324412A9F}
		{2700573E-175A-432E-86F1-71248C225F7E} = {28C3C037-984D-45EB-9752-2C0324412A9F}
	EndGlobalSection
	GlobalSection(ExtensibilityGlobals) = postSolution
		SolutionGuid = {0083D5BF-0FC1-4508-92E4-72DFF2641218}
	EndGlobalSection
EndGlobal
